// !$*UTF8*$!
{
	archiveVersion = 1;
	classes = {
	};
	objectVersion = 50;
	objects = {

/* Begin PBXBuildFile section */
		83F4EDB4260505C6007C7A04 /* AppDelegate.swift in Sources */ = {isa = PBXBuildFile; fileRef = 83F4EDB3260505C6007C7A04 /* AppDelegate.swift */; };
		83F4EDB6260505C6007C7A04 /* SceneDelegate.swift in Sources */ = {isa = PBXBuildFile; fileRef = 83F4EDB5260505C6007C7A04 /* SceneDelegate.swift */; };
		83F4EDB8260505C6007C7A04 /* ViewController.swift in Sources */ = {isa = PBXBuildFile; fileRef = 83F4EDB7260505C6007C7A04 /* ViewController.swift */; };
		83F4EDBB260505C6007C7A04 /* Main.storyboard in Resources */ = {isa = PBXBuildFile; fileRef = 83F4EDB9260505C6007C7A04 /* Main.storyboard */; };
		83F4EDBD260505C7007C7A04 /* Assets.xcassets in Resources */ = {isa = PBXBuildFile; fileRef = 83F4EDBC260505C7007C7A04 /* Assets.xcassets */; };
		83F4EDC0260505C7007C7A04 /* LaunchScreen.storyboard in Resources */ = {isa = PBXBuildFile; fileRef = 83F4EDBE260505C7007C7A04 /* LaunchScreen.storyboard */; };
		83F4EDCB260505C7007C7A04 /* TaskApp4Tests.swift in Sources */ = {isa = PBXBuildFile; fileRef = 83F4EDCA260505C7007C7A04 /* TaskApp4Tests.swift */; };
		83F4EDD6260505C7007C7A04 /* TaskApp4UITests.swift in Sources */ = {isa = PBXBuildFile; fileRef = 83F4EDD5260505C7007C7A04 /* TaskApp4UITests.swift */; };
/* End PBXBuildFile section */

/* Begin PBXContainerItemProxy section */
		83F4EDC7260505C7007C7A04 /* PBXContainerItemProxy */ = {
			isa = PBXContainerItemProxy;
			containerPortal = 83F4EDA8260505C6007C7A04 /* Project object */;
			proxyType = 1;
			remoteGlobalIDString = 83F4EDAF260505C6007C7A04;
			remoteInfo = TaskApp4;
		};
		83F4EDD2260505C7007C7A04 /* PBXContainerItemProxy */ = {
			isa = PBXContainerItemProxy;
			containerPortal = 83F4EDA8260505C6007C7A04 /* Project object */;
			proxyType = 1;
			remoteGlobalIDString = 83F4EDAF260505C6007C7A04;
			remoteInfo = TaskApp4;
		};
/* End PBXContainerItemProxy section */

/* Begin PBXFileReference section */
		83F4EDB0260505C6007C7A04 /* TaskApp4.app */ = {isa = PBXFileReference; explicitFileType = wrapper.application; includeInIndex = 0; path = TaskApp4.app; sourceTree = BUILT_PRODUCTS_DIR; };
		83F4EDB3260505C6007C7A04 /* AppDelegate.swift */ = {isa = PBXFileReference; lastKnownFileType = sourcecode.swift; path = AppDelegate.swift; sourceTree = "<group>"; };
		83F4EDB5260505C6007C7A04 /* SceneDelegate.swift */ = {isa = PBXFileReference; lastKnownFileType = sourcecode.swift; path = SceneDelegate.swift; sourceTree = "<group>"; };
		83F4EDB7260505C6007C7A04 /* ViewController.swift */ = {isa = PBXFileReference; lastKnownFileType = sourcecode.swift; path = ViewController.swift; sourceTree = "<group>"; };
		83F4EDBA260505C6007C7A04 /* Base */ = {isa = PBXFileReference; lastKnownFileType = file.storyboard; name = Base; path = Base.lproj/Main.storyboard; sourceTree = "<group>"; };
		83F4EDBC260505C7007C7A04 /* Assets.xcassets */ = {isa = PBXFileReference; lastKnownFileType = folder.assetcatalog; path = Assets.xcassets; sourceTree = "<group>"; };
		83F4EDBF260505C7007C7A04 /* Base */ = {isa = PBXFileReference; lastKnownFileType = file.storyboard; name = Base; path = Base.lproj/LaunchScreen.storyboard; sourceTree = "<group>"; };
		83F4EDC1260505C7007C7A04 /* Info.plist */ = {isa = PBXFileReference; lastKnownFileType = text.plist.xml; path = Info.plist; sourceTree = "<group>"; };
		83F4EDC6260505C7007C7A04 /* TaskApp4Tests.xctest */ = {isa = PBXFileReference; explicitFileType = wrapper.cfbundle; includeInIndex = 0; path = TaskApp4Tests.xctest; sourceTree = BUILT_PRODUCTS_DIR; };
		83F4EDCA260505C7007C7A04 /* TaskApp4Tests.swift */ = {isa = PBXFileReference; lastKnownFileType = sourcecode.swift; path = TaskApp4Tests.swift; sourceTree = "<group>"; };
		83F4EDCC260505C7007C7A04 /* Info.plist */ = {isa = PBXFileReference; lastKnownFileType = text.plist.xml; path = Info.plist; sourceTree = "<group>"; };
		83F4EDD1260505C7007C7A04 /* TaskApp4UITests.xctest */ = {isa = PBXFileReference; explicitFileType = wrapper.cfbundle; includeInIndex = 0; path = TaskApp4UITests.xctest; sourceTree = BUILT_PRODUCTS_DIR; };
		83F4EDD5260505C7007C7A04 /* TaskApp4UITests.swift */ = {isa = PBXFileReference; lastKnownFileType = sourcecode.swift; path = TaskApp4UITests.swift; sourceTree = "<group>"; };
		83F4EDD7260505C7007C7A04 /* Info.plist */ = {isa = PBXFileReference; lastKnownFileType = text.plist.xml; path = Info.plist; sourceTree = "<group>"; };
/* End PBXFileReference section */

/* Begin PBXFrameworksBuildPhase section */
		83F4EDAD260505C6007C7A04 /* Frameworks */ = {
			isa = PBXFrameworksBuildPhase;
			buildActionMask = 2147483647;
			files = (
			);
			runOnlyForDeploymentPostprocessing = 0;
		};
		83F4EDC3260505C7007C7A04 /* Frameworks */ = {
			isa = PBXFrameworksBuildPhase;
			buildActionMask = 2147483647;
			files = (
			);
			runOnlyForDeploymentPostprocessing = 0;
		};
		83F4EDCE260505C7007C7A04 /* Frameworks */ = {
			isa = PBXFrameworksBuildPhase;
			buildActionMask = 2147483647;
			files = (
			);
			runOnlyForDeploymentPostprocessing = 0;
		};
/* End PBXFrameworksBuildPhase section */

/* Begin PBXGroup section */
		83F4EDA7260505C6007C7A04 = {
			isa = PBXGroup;
			children = (
				83F4EDB2260505C6007C7A04 /* TaskApp4 */,
				83F4EDC9260505C7007C7A04 /* TaskApp4Tests */,
				83F4EDD4260505C7007C7A04 /* TaskApp4UITests */,
				83F4EDB1260505C6007C7A04 /* Products */,
			);
			sourceTree = "<group>";
		};
		83F4EDB1260505C6007C7A04 /* Products */ = {
			isa = PBXGroup;
			children = (
				83F4EDB0260505C6007C7A04 /* TaskApp4.app */,
				83F4EDC6260505C7007C7A04 /* TaskApp4Tests.xctest */,
				83F4EDD1260505C7007C7A04 /* TaskApp4UITests.xctest */,
			);
			name = Products;
			sourceTree = "<group>";
		};
		83F4EDB2260505C6007C7A04 /* TaskApp4 */ = {
			isa = PBXGroup;
			children = (
				83F4EDB3260505C6007C7A04 /* AppDelegate.swift */,
				83F4EDB5260505C6007C7A04 /* SceneDelegate.swift */,
				83F4EDB7260505C6007C7A04 /* ViewController.swift */,
				83F4EDB9260505C6007C7A04 /* Main.storyboard */,
				83F4EDBC260505C7007C7A04 /* Assets.xcassets */,
				83F4EDBE260505C7007C7A04 /* LaunchScreen.storyboard */,
				83F4EDC1260505C7007C7A04 /* Info.plist */,
			);
			path = TaskApp4;
			sourceTree = "<group>";
		};
		83F4EDC9260505C7007C7A04 /* TaskApp4Tests */ = {
			isa = PBXGroup;
			children = (
				83F4EDCA260505C7007C7A04 /* TaskApp4Tests.swift */,
				83F4EDCC260505C7007C7A04 /* Info.plist */,
			);
			path = TaskApp4Tests;
			sourceTree = "<group>";
		};
		83F4EDD4260505C7007C7A04 /* TaskApp4UITests */ = {
			isa = PBXGroup;
			children = (
				83F4EDD5260505C7007C7A04 /* TaskApp4UITests.swift */,
				83F4EDD7260505C7007C7A04 /* Info.plist */,
			);
			path = TaskApp4UITests;
			sourceTree = "<group>";
		};
/* End PBXGroup section */

/* Begin PBXNativeTarget section */
		83F4EDAF260505C6007C7A04 /* TaskApp4 */ = {
			isa = PBXNativeTarget;
			buildConfigurationList = 83F4EDDA260505C7007C7A04 /* Build configuration list for PBXNativeTarget "TaskApp4" */;
			buildPhases = (
				83F4EDAC260505C6007C7A04 /* Sources */,
				83F4EDAD260505C6007C7A04 /* Frameworks */,
				83F4EDAE260505C6007C7A04 /* Resources */,
			);
			buildRules = (
			);
			dependencies = (
			);
			name = TaskApp4;
			productName = TaskApp4;
			productReference = 83F4EDB0260505C6007C7A04 /* TaskApp4.app */;
			productType = "com.apple.product-type.application";
		};
		83F4EDC5260505C7007C7A04 /* TaskApp4Tests */ = {
			isa = PBXNativeTarget;
			buildConfigurationList = 83F4EDDD260505C7007C7A04 /* Build configuration list for PBXNativeTarget "TaskApp4Tests" */;
			buildPhases = (
				83F4EDC2260505C7007C7A04 /* Sources */,
				83F4EDC3260505C7007C7A04 /* Frameworks */,
				83F4EDC4260505C7007C7A04 /* Resources */,
			);
			buildRules = (
			);
			dependencies = (
				83F4EDC8260505C7007C7A04 /* PBXTargetDependency */,
			);
			name = TaskApp4Tests;
			productName = TaskApp4Tests;
			productReference = 83F4EDC6260505C7007C7A04 /* TaskApp4Tests.xctest */;
			productType = "com.apple.product-type.bundle.unit-test";
		};
		83F4EDD0260505C7007C7A04 /* TaskApp4UITests */ = {
			isa = PBXNativeTarget;
			buildConfigurationList = 83F4EDE0260505C7007C7A04 /* Build configuration list for PBXNativeTarget "TaskApp4UITests" */;
			buildPhases = (
				83F4EDCD260505C7007C7A04 /* Sources */,
				83F4EDCE260505C7007C7A04 /* Frameworks */,
				83F4EDCF260505C7007C7A04 /* Resources */,
			);
			buildRules = (
			);
			dependencies = (
				83F4EDD3260505C7007C7A04 /* PBXTargetDependency */,
			);
			name = TaskApp4UITests;
			productName = TaskApp4UITests;
			productReference = 83F4EDD1260505C7007C7A04 /* TaskApp4UITests.xctest */;
			productType = "com.apple.product-type.bundle.ui-testing";
		};
/* End PBXNativeTarget section */

/* Begin PBXProject section */
		83F4EDA8260505C6007C7A04 /* Project object */ = {
			isa = PBXProject;
			attributes = {
				LastSwiftUpdateCheck = 1240;
				LastUpgradeCheck = 1240;
				TargetAttributes = {
					83F4EDAF260505C6007C7A04 = {
						CreatedOnToolsVersion = 12.4;
					};
					83F4EDC5260505C7007C7A04 = {
						CreatedOnToolsVersion = 12.4;
						TestTargetID = 83F4EDAF260505C6007C7A04;
					};
					83F4EDD0260505C7007C7A04 = {
						CreatedOnToolsVersion = 12.4;
						TestTargetID = 83F4EDAF260505C6007C7A04;
					};
				};
			};
			buildConfigurationList = 83F4EDAB260505C6007C7A04 /* Build configuration list for PBXProject "TaskApp4" */;
			compatibilityVersion = "Xcode 9.3";
			developmentRegion = en;
			hasScannedForEncodings = 0;
			knownRegions = (
				en,
				Base,
			);
			mainGroup = 83F4EDA7260505C6007C7A04;
			productRefGroup = 83F4EDB1260505C6007C7A04 /* Products */;
			projectDirPath = "";
			projectRoot = "";
			targets = (
				83F4EDAF260505C6007C7A04 /* TaskApp4 */,
				83F4EDC5260505C7007C7A04 /* TaskApp4Tests */,
				83F4EDD0260505C7007C7A04 /* TaskApp4UITests */,
			);
		};
/* End PBXProject section */

/* Begin PBXResourcesBuildPhase section */
		83F4EDAE260505C6007C7A04 /* Resources */ = {
			isa = PBXResourcesBuildPhase;
			buildActionMask = 2147483647;
			files = (
				83F4EDC0260505C7007C7A04 /* LaunchScreen.storyboard in Resources */,
				83F4EDBD260505C7007C7A04 /* Assets.xcassets in Resources */,
				83F4EDBB260505C6007C7A04 /* Main.storyboard in Resources */,
			);
			runOnlyForDeploymentPostprocessing = 0;
		};
		83F4EDC4260505C7007C7A04 /* Resources */ = {
			isa = PBXResourcesBuildPhase;
			buildActionMask = 2147483647;
			files = (
			);
			runOnlyForDeploymentPostprocessing = 0;
		};
		83F4EDCF260505C7007C7A04 /* Resources */ = {
			isa = PBXResourcesBuildPhase;
			buildActionMask = 2147483647;
			files = (
			);
			runOnlyForDeploymentPostprocessing = 0;
		};
/* End PBXResourcesBuildPhase section */

/* Begin PBXSourcesBuildPhase section */
		83F4EDAC260505C6007C7A04 /* Sources */ = {
			isa = PBXSourcesBuildPhase;
			buildActionMask = 2147483647;
			files = (
				83F4EDB8260505C6007C7A04 /* ViewController.swift in Sources */,
				83F4EDB4260505C6007C7A04 /* AppDelegate.swift in Sources */,
				83F4EDB6260505C6007C7A04 /* SceneDelegate.swift in Sources */,
			);
			runOnlyForDeploymentPostprocessing = 0;
		};
		83F4EDC2260505C7007C7A04 /* Sources */ = {
			isa = PBXSourcesBuildPhase;
			buildActionMask = 2147483647;
			files = (
				83F4EDCB260505C7007C7A04 /* TaskApp4Tests.swift in Sources */,
			);
			runOnlyForDeploymentPostprocessing = 0;
		};
		83F4EDCD260505C7007C7A04 /* Sources */ = {
			isa = PBXSourcesBuildPhase;
			buildActionMask = 2147483647;
			files = (
				83F4EDD6260505C7007C7A04 /* TaskApp4UITests.swift in Sources */,
			);
			runOnlyForDeploymentPostprocessing = 0;
		};
/* End PBXSourcesBuildPhase section */

/* Begin PBXTargetDependency section */
		83F4EDC8260505C7007C7A04 /* PBXTargetDependency */ = {
			isa = PBXTargetDependency;
			target = 83F4EDAF260505C6007C7A04 /* TaskApp4 */;
			targetProxy = 83F4EDC7260505C7007C7A04 /* PBXContainerItemProxy */;
		};
		83F4EDD3260505C7007C7A04 /* PBXTargetDependency */ = {
			isa = PBXTargetDependency;
			target = 83F4EDAF260505C6007C7A04 /* TaskApp4 */;
			targetProxy = 83F4EDD2260505C7007C7A04 /* PBXContainerItemProxy */;
		};
/* End PBXTargetDependency section */

/* Begin PBXVariantGroup section */
		83F4EDB9260505C6007C7A04 /* Main.storyboard */ = {
			isa = PBXVariantGroup;
			children = (
				83F4EDBA260505C6007C7A04 /* Base */,
			);
			name = Main.storyboard;
			sourceTree = "<group>";
		};
		83F4EDBE260505C7007C7A04 /* LaunchScreen.storyboard */ = {
			isa = PBXVariantGroup;
			children = (
				83F4EDBF260505C7007C7A04 /* Base */,
			);
			name = LaunchScreen.storyboard;
			sourceTree = "<group>";
		};
/* End PBXVariantGroup section */

/* Begin XCBuildConfiguration section */
		83F4EDD8260505C7007C7A04 /* Debug */ = {
			isa = XCBuildConfiguration;
			buildSettings = {
				ALWAYS_SEARCH_USER_PATHS = NO;
				CLANG_ANALYZER_NONNULL = YES;
				CLANG_ANALYZER_NUMBER_OBJECT_CONVERSION = YES_AGGRESSIVE;
				CLANG_CXX_LANGUAGE_STANDARD = "gnu++14";
				CLANG_CXX_LIBRARY = "libc++";
				CLANG_ENABLE_MODULES = YES;
				CLANG_ENABLE_OBJC_ARC = YES;
				CLANG_ENABLE_OBJC_WEAK = YES;
				CLANG_WARN_BLOCK_CAPTURE_AUTORELEASING = YES;
				CLANG_WARN_BOOL_CONVERSION = YES;
				CLANG_WARN_COMMA = YES;
				CLANG_WARN_CONSTANT_CONVERSION = YES;
				CLANG_WARN_DEPRECATED_OBJC_IMPLEMENTATIONS = YES;
				CLANG_WARN_DIRECT_OBJC_ISA_USAGE = YES_ERROR;
				CLANG_WARN_DOCUMENTATION_COMMENTS = YES;
				CLANG_WARN_EMPTY_BODY = YES;
				CLANG_WARN_ENUM_CONVERSION = YES;
				CLANG_WARN_INFINITE_RECURSION = YES;
				CLANG_WARN_INT_CONVERSION = YES;
				CLANG_WARN_NON_LITERAL_NULL_CONVERSION = YES;
				CLANG_WARN_OBJC_IMPLICIT_RETAIN_SELF = YES;
				CLANG_WARN_OBJC_LITERAL_CONVERSION = YES;
				CLANG_WARN_OBJC_ROOT_CLASS = YES_ERROR;
				CLANG_WARN_QUOTED_INCLUDE_IN_FRAMEWORK_HEADER = YES;
				CLANG_WARN_RANGE_LOOP_ANALYSIS = YES;
				CLANG_WARN_STRICT_PROTOTYPES = YES;
				CLANG_WARN_SUSPICIOUS_MOVE = YES;
				CLANG_WARN_UNGUARDED_AVAILABILITY = YES_AGGRESSIVE;
				CLANG_WARN_UNREACHABLE_CODE = YES;
				CLANG_WARN__DUPLICATE_METHOD_MATCH = YES;
				COPY_PHASE_STRIP = NO;
				DEBUG_INFORMATION_FORMAT = dwarf;
				ENABLE_STRICT_OBJC_MSGSEND = YES;
				ENABLE_TESTABILITY = YES;
				GCC_C_LANGUAGE_STANDARD = gnu11;
				GCC_DYNAMIC_NO_PIC = NO;
				GCC_NO_COMMON_BLOCKS = YES;
				GCC_OPTIMIZATION_LEVEL = 0;
				GCC_PREPROCESSOR_DEFINITIONS = (
					"DEBUG=1",
					"$(inherited)",
				);
				GCC_WARN_64_TO_32_BIT_CONVERSION = YES;
				GCC_WARN_ABOUT_RETURN_TYPE = YES_ERROR;
				GCC_WARN_UNDECLARED_SELECTOR = YES;
				GCC_WARN_UNINITIALIZED_AUTOS = YES_AGGRESSIVE;
				GCC_WARN_UNUSED_FUNCTION = YES;
				GCC_WARN_UNUSED_VARIABLE = YES;
				IPHONEOS_DEPLOYMENT_TARGET = 14.4;
				MTL_ENABLE_DEBUG_INFO = INCLUDE_SOURCE;
				MTL_FAST_MATH = YES;
				ONLY_ACTIVE_ARCH = YES;
				SDKROOT = iphoneos;
				SWIFT_ACTIVE_COMPILATION_CONDITIONS = DEBUG;
				SWIFT_OPTIMIZATION_LEVEL = "-Onone";
			};
			name = Debug;
		};
		83F4EDD9260505C7007C7A04 /* Release */ = {
			isa = XCBuildConfiguration;
			buildSettings = {
				ALWAYS_SEARCH_USER_PATHS = NO;
				CLANG_ANALYZER_NONNULL = YES;
				CLANG_ANALYZER_NUMBER_OBJECT_CONVERSION = YES_AGGRESSIVE;
				CLANG_CXX_LANGUAGE_STANDARD = "gnu++14";
				CLANG_CXX_LIBRARY = "libc++";
				CLANG_ENABLE_MODULES = YES;
				CLANG_ENABLE_OBJC_ARC = YES;
				CLANG_ENABLE_OBJC_WEAK = YES;
				CLANG_WARN_BLOCK_CAPTURE_AUTORELEASING = YES;
				CLANG_WARN_BOOL_CONVERSION = YES;
				CLANG_WARN_COMMA = YES;
				CLANG_WARN_CONSTANT_CONVERSION = YES;
				CLANG_WARN_DEPRECATED_OBJC_IMPLEMENTATIONS = YES;
				CLANG_WARN_DIRECT_OBJC_ISA_USAGE = YES_ERROR;
				CLANG_WARN_DOCUMENTATION_COMMENTS = YES;
				CLANG_WARN_EMPTY_BODY = YES;
				CLANG_WARN_ENUM_CONVERSION = YES;
				CLANG_WARN_INFINITE_RECURSION = YES;
				CLANG_WARN_INT_CONVERSION = YES;
				CLANG_WARN_NON_LITERAL_NULL_CONVERSION = YES;
				CLANG_WARN_OBJC_IMPLICIT_RETAIN_SELF = YES;
				CLANG_WARN_OBJC_LITERAL_CONVERSION = YES;
				CLANG_WARN_OBJC_ROOT_CLASS = YES_ERROR;
				CLANG_WARN_QUOTED_INCLUDE_IN_FRAMEWORK_HEADER = YES;
				CLANG_WARN_RANGE_LOOP_ANALYSIS = YES;
				CLANG_WARN_STRICT_PROTOTYPES = YES;
				CLANG_WARN_SUSPICIOUS_MOVE = YES;
				CLANG_WARN_UNGUARDED_AVAILABILITY = YES_AGGRESSIVE;
				CLANG_WARN_UNREACHABLE_CODE = YES;
				CLANG_WARN__DUPLICATE_METHOD_MATCH = YES;
				COPY_PHASE_STRIP = NO;
				DEBUG_INFORMATION_FORMAT = "dwarf-with-dsym";
				ENABLE_NS_ASSERTIONS = NO;
				ENABLE_STRICT_OBJC_MSGSEND = YES;
				GCC_C_LANGUAGE_STANDARD = gnu11;
				GCC_NO_COMMON_BLOCKS = YES;
				GCC_WARN_64_TO_32_BIT_CONVERSION = YES;
				GCC_WARN_ABOUT_RETURN_TYPE = YES_ERROR;
				GCC_WARN_UNDECLARED_SELECTOR = YES;
				GCC_WARN_UNINITIALIZED_AUTOS = YES_AGGRESSIVE;
				GCC_WARN_UNUSED_FUNCTION = YES;
				GCC_WARN_UNUSED_VARIABLE = YES;
				IPHONEOS_DEPLOYMENT_TARGET = 14.4;
				MTL_ENABLE_DEBUG_INFO = NO;
				MTL_FAST_MATH = YES;
				SDKROOT = iphoneos;
				SWIFT_COMPILATION_MODE = wholemodule;
				SWIFT_OPTIMIZATION_LEVEL = "-O";
				VALIDATE_PRODUCT = YES;
			};
			name = Release;
		};
		83F4EDDB260505C7007C7A04 /* Debug */ = {
			isa = XCBuildConfiguration;
			buildSettings = {
				ASSETCATALOG_COMPILER_APPICON_NAME = AppIcon;
				ASSETCATALOG_COMPILER_GLOBAL_ACCENT_COLOR_NAME = AccentColor;
				CODE_SIGN_STYLE = Automatic;
				INFOPLIST_FILE = TaskApp4/Info.plist;
				LD_RUNPATH_SEARCH_PATHS = (
					"$(inherited)",
					"@executable_path/Frameworks",
				);
				PRODUCT_BUNDLE_IDENTIFIER = koki.TaskApp4;
				PRODUCT_NAME = "$(TARGET_NAME)";
				SWIFT_VERSION = 5.0;
				TARGETED_DEVICE_FAMILY = 1;
			};
			name = Debug;
		};
		83F4EDDC260505C7007C7A04 /* Release */ = {
			isa = XCBuildConfiguration;
			buildSettings = {
				ASSETCATALOG_COMPILER_APPICON_NAME = AppIcon;
				ASSETCATALOG_COMPILER_GLOBAL_ACCENT_COLOR_NAME = AccentColor;
				CODE_SIGN_STYLE = Automatic;
				INFOPLIST_FILE = TaskApp4/Info.plist;
				LD_RUNPATH_SEARCH_PATHS = (
					"$(inherited)",
					"@executable_path/Frameworks",
				);
				PRODUCT_BUNDLE_IDENTIFIER = koki.TaskApp4;
				PRODUCT_NAME = "$(TARGET_NAME)";
				SWIFT_VERSION = 5.0;
				TARGETED_DEVICE_FAMILY = 1;
			};
			name = Release;
		};
		83F4EDDE260505C7007C7A04 /* Debug */ = {
			isa = XCBuildConfiguration;
			buildSettings = {
				ALWAYS_EMBED_SWIFT_STANDARD_LIBRARIES = YES;
				BUNDLE_LOADER = "$(TEST_HOST)";
				CODE_SIGN_STYLE = Automatic;
				INFOPLIST_FILE = TaskApp4Tests/Info.plist;
				IPHONEOS_DEPLOYMENT_TARGET = 14.4;
				LD_RUNPATH_SEARCH_PATHS = (
					"$(inherited)",
					"@executable_path/Frameworks",
					"@loader_path/Frameworks",
				);
				PRODUCT_BUNDLE_IDENTIFIER = koki.TaskApp4Tests;
				PRODUCT_NAME = "$(TARGET_NAME)";
				SWIFT_VERSION = 5.0;
				TARGETED_DEVICE_FAMILY = "1,2";
				TEST_HOST = "$(BUILT_PRODUCTS_DIR)/TaskApp4.app/TaskApp4";
			};
			name = Debug;
		};
		83F4EDDF260505C7007C7A04 /* Release */ = {
			isa = XCBuildConfiguration;
			buildSettings = {
				ALWAYS_EMBED_SWIFT_STANDARD_LIBRARIES = YES;
				BUNDLE_LOADER = "$(TEST_HOST)";
				CODE_SIGN_STYLE = Automatic;
				INFOPLIST_FILE = TaskApp4Tests/Info.plist;
				IPHONEOS_DEPLOYMENT_TARGET = 14.4;
				LD_RUNPATH_SEARCH_PATHS = (
					"$(inherited)",
					"@executable_path/Frameworks",
					"@loader_path/Frameworks",
				);
				PRODUCT_BUNDLE_IDENTIFIER = koki.TaskApp4Tests;
				PRODUCT_NAME = "$(TARGET_NAME)";
				SWIFT_VERSION = 5.0;
				TARGETED_DEVICE_FAMILY = "1,2";
				TEST_HOST = "$(BUILT_PRODUCTS_DIR)/TaskApp4.app/TaskApp4";
			};
			name = Release;
		};
		83F4EDE1260505C7007C7A04 /* Debug */ = {
			isa = XCBuildConfiguration;
			buildSettings = {
				ALWAYS_EMBED_SWIFT_STANDARD_LIBRARIES = YES;
				CODE_SIGN_STYLE = Automatic;
				INFOPLIST_FILE = TaskApp4UITests/Info.plist;
				LD_RUNPATH_SEARCH_PATHS = (
					"$(inherited)",
					"@executable_path/Frameworks",
					"@loader_path/Frameworks",
				);
				PRODUCT_BUNDLE_IDENTIFIER = koki.TaskApp4UITests;
				PRODUCT_NAME = "$(TARGET_NAME)";
				SWIFT_VERSION = 5.0;
				TARGETED_DEVICE_FAMILY = "1,2";
				TEST_TARGET_NAME = TaskApp4;
			};
			name = Debug;
		};
		83F4EDE2260505C7007C7A04 /* Release */ = {
			isa = XCBuildConfiguration;
			buildSettings = {
				ALWAYS_EMBED_SWIFT_STANDARD_LIBRARIES = YES;
				CODE_SIGN_STYLE = Automatic;
				INFOPLIST_FILE = TaskApp4UITests/Info.plist;
				LD_RUNPATH_SEARCH_PATHS = (
					"$(inherited)",
					"@executable_path/Frameworks",
					"@loader_path/Frameworks",
				);
				PRODUCT_BUNDLE_IDENTIFIER = koki.TaskApp4UITests;
				PRODUCT_NAME = "$(TARGET_NAME)";
				SWIFT_VERSION = 5.0;
				TARGETED_DEVICE_FAMILY = "1,2";
				TEST_TARGET_NAME = TaskApp4;
			};
			name = Release;
		};
/* End XCBuildConfiguration section */

/* Begin XCConfigurationList section */
		83F4EDAB260505C6007C7A04 /* Build configuration list for PBXProject "TaskApp4" */ = {
			isa = XCConfigurationList;
			buildConfigurations = (
				83F4EDD8260505C7007C7A04 /* Debug */,
				83F4EDD9260505C7007C7A04 /* Release */,
			);
			defaultConfigurationIsVisible = 0;
			defaultConfigurationName = Release;
		};
		83F4EDDA260505C7007C7A04 /* Build configuration list for PBXNativeTarget "TaskApp4" */ = {
			isa = XCConfigurationList;
			buildConfigurations = (
				83F4EDDB260505C7007C7A04 /* Debug */,
				83F4EDDC260505C7007C7A04 /* Release */,
			);
			defaultConfigurationIsVisible = 0;
			defaultConfigurationName = Release;
		};
		83F4EDDD260505C7007C7A04 /* Build configuration list for PBXNativeTarget "TaskApp4Tests" */ = {
			isa = XCConfigurationList;
			buildConfigurations = (
				83F4EDDE260505C7007C7A04 /* Debug */,
				83F4EDDF260505C7007C7A04 /* Release */,
			);
			defaultConfigurationIsVisible = 0;
			defaultConfigurationName = Release;
		};
		83F4EDE0260505C7007C7A04 /* Build configuration list for PBXNativeTarget "TaskApp4UITests" */ = {
			isa = XCConfigurationList;
			buildConfigurations = (
				83F4EDE1260505C7007C7A04 /* Debug */,
				83F4EDE2260505C7007C7A04 /* Release */,
			);
			defaultConfigurationIsVisible = 0;
			defaultConfigurationName = Release;
		};
/* End XCConfigurationList section */
	};
	rootObject = 83F4EDA8260505C6007C7A04 /* Project object */;
}
